
Microsoft Visual Studio Solution File, Format Version 12.00
# Visual Studio Version 17
VisualStudioVersion = 17.14.36623.8 d17.14
MinimumVisualStudioVersion = 10.0.40219.1
Project("{FAE04EC0-301F-11D3-BF4B-00C04F79EFBC}") = "ChatAppApi", "ChatAppApi.csproj", "{764DD870-4B5E-4219-9A68-1C1ADDEC0BC7}"
EndProject
Global
	GlobalSection(SolutionConfigurationPlatforms) = preSolution
		Debug|Any CPU = Debug|Any CPU
		Release|Any CPU = Release|Any CPU
	EndGlobalSection
	GlobalSection(ProjectConfigurationPlatforms) = postSolution
		{764DD870-4B5E-4219-9A68-1C1ADDEC0BC7}.Debug|Any CPU.ActiveCfg = Debug|Any CPU
		{764DD870-4B5E-4219-9A68-1C1ADDEC0BC7}.Debug|Any CPU.Build.0 = Debug|Any CPU
		{764DD870-4B5E-4219-9A68-1C1ADDEC0BC7}.Release|Any CPU.ActiveCfg = Release|Any CPU
		{764DD870-4B5E-4219-9A68-1C1ADDEC0BC7}.Release|Any CPU.Build.0 = Release|Any CPU
	EndGlobalSection
	GlobalSection(SolutionProperties) = preSolution
		HideSolutionNode = FALSE
	EndGlobalSection
	GlobalSection(ExtensibilityGlobals) = postSolution
		SolutionGuid = {7029CCEE-E475-4BC8-9FDE-EEEA701F5EA5}
	EndGlobalSection
EndGlobal
